{
  "name": "docon-sse",
  "version": "0.1.0",
  "lockfileVersion": 3,
  "requires": true,
  "packages": {
    "": {
      "name": "docon-sse",
      "version": "0.1.0",
      "license": "ISC",
      "dependencies": {
        "docon": "github:xelinorg/docon"
      }
    },
    "node_modules/docon": {
      "version": "0.1.0",
      "resolved": "git+ssh://git@github.com/xelinorg/docon.git#efe4aec127098049a1d01a7a62d293e31202148e",
      "license": "ISC"
    }
  }
}
